
Microsoft Visual Studio Solution File, Format Version 12.00
# Visual Studio Version 16
VisualStudioVersion = 16.0.31410.357
MinimumVisualStudioVersion = 10.0.40219.1
Project("{FAE04EC0-301F-11D3-BF4B-00C04F79EFBC}") = "CatalogadorDeArchivos", "CatalogadorDeArchivos\CatalogadorDeArchivos.csproj", "{DBAB34D0-ED2C-400F-BCCA-1A58752CE09E}"
EndProject
Global
	GlobalSection(SolutionConfigurationPlatforms) = preSolution
		Debug|Any CPU = Debug|Any CPU
		Release|Any CPU = Release|Any CPU
	EndGlobalSection
	GlobalSection(ProjectConfigurationPlatforms) = postSolution
		{DBAB34D0-ED2C-400F-BCCA-1A58752CE09E}.Debug|Any CPU.ActiveCfg = Debug|Any CPU
		{DBAB34D0-ED2C-400F-BCCA-1A58752CE09E}.Debug|Any CPU.Build.0 = Debug|Any CPU
		{DBAB34D0-ED2C-400F-BCCA-1A58752CE09E}.Release|Any CPU.ActiveCfg = Release|Any CPU
		{DBAB34D0-ED2C-400F-BCCA-1A58752CE09E}.Release|Any CPU.Build.0 = Release|Any CPU
	EndGlobalSection
	GlobalSection(SolutionProperties) = preSolution
		HideSolutionNode = FALSE
	EndGlobalSection
	GlobalSection(ExtensibilityGlobals) = postSolution
		SolutionGuid = {D90A938F-5910-415F-8982-19DBA91BFC40}
	EndGlobalSection
EndGlobal
